
Microsoft Visual Studio Solution File, Format Version 12.00
# Visual Studio Version 16
VisualStudioVersion = 16.0.32602.291
MinimumVisualStudioVersion = 10.0.40219.1
Project("{9A19103F-16F7-4668-BE54-9A1E7A4F7556}") = "pract2", "pract2\pract2.csproj", "{2CAAF63F-CE74-449D-9C9C-C789DF473D82}"
EndProject
Project("{9A19103F-16F7-4668-BE54-9A1E7A4F7556}") = "LibMas", "LibMas\LibMas.csproj", "{13401C01-2905-4190-AD46-243EED800D69}"
EndProject
Project("{FAE04EC0-301F-11D3-BF4B-00C04F79EFBC}") = "Lib_14", "Lib_14\Lib_14.csproj", "{D1408139-62A7-483C-AFDC-06F55D18B49E}"
EndProject
Global
	GlobalSection(SolutionConfigurationPlatforms) = preSolution
		Debug|Any CPU = Debug|Any CPU
		Release|Any CPU = Release|Any CPU
	EndGlobalSection
	GlobalSection(ProjectConfigurationPlatforms) = postSolution
		{2CAAF63F-CE74-449D-9C9C-C789DF473D82}.Debug|Any CPU.ActiveCfg = Debug|Any CPU
		{2CAAF63F-CE74-449D-9C9C-C789DF473D82}.Debug|Any CPU.Build.0 = Debug|Any CPU
		{2CAAF63F-CE74-449D-9C9C-C789DF473D82}.Release|Any CPU.ActiveCfg = Release|Any CPU
		{2CAAF63F-CE74-449D-9C9C-C789DF473D82}.Release|Any CPU.Build.0 = Release|Any CPU
		{13401C01-2905-4190-AD46-243EED800D69}.Debug|Any CPU.ActiveCfg = Debug|Any CPU
		{13401C01-2905-4190-AD46-243EED800D69}.Debug|Any CPU.Build.0 = Debug|Any CPU
		{13401C01-2905-4190-AD46-243EED800D69}.Release|Any CPU.ActiveCfg = Release|Any CPU
		{13401C01-2905-4190-AD46-243EED800D69}.Release|Any CPU.Build.0 = Release|Any CPU
		{D1408139-62A7-483C-AFDC-06F55D18B49E}.Debug|Any CPU.ActiveCfg = Debug|Any CPU
		{D1408139-62A7-483C-AFDC-06F55D18B49E}.Debug|Any CPU.Build.0 = Debug|Any CPU
		{D1408139-62A7-483C-AFDC-06F55D18B49E}.Release|Any CPU.ActiveCfg = Release|Any CPU
		{D1408139-62A7-483C-AFDC-06F55D18B49E}.Release|Any CPU.Build.0 = Release|Any CPU
	EndGlobalSection
	GlobalSection(SolutionProperties) = preSolution
		HideSolutionNode = FALSE
	EndGlobalSection
	GlobalSection(ExtensibilityGlobals) = postSolution
		SolutionGuid = {EE5C8B62-EBF6-402D-A14C-13737A4306B5}
	EndGlobalSection
EndGlobal
